{
  "nodes": {
    "flake-utils": {
      "locked": {
        "lastModified": 1652776076,
        "narHash": "sha256-gzTw/v1vj4dOVbpBSJX4J0DwUR6LIyXo7/SuuTJp1kM=",
        "owner": "numtide",
        "repo": "flake-utils",
        "rev": "04c1b180862888302ddfb2e3ad9eaa63afc60cf8",
        "type": "github"
      },
      "original": {
        "owner": "numtide",
        "repo": "flake-utils",
        "type": "github"
      }
    },
    "nixpkgs": {
      "locked": {
        "lastModified": 1653087707,
        "narHash": "sha256-zfno3snrzZTWQ2B7K53QHrGZwrjnJLTRPalymrSsziU=",
        "owner": "NixOS",
        "repo": "nixpkgs",
        "rev": "cbd40c72b2603ab54e7208f99f9b35fc158bc009",
        "type": "github"
      },
      "original": {
        "owner": "NixOS",
        "ref": "nixos-21.11",
        "repo": "nixpkgs",
        "type": "github"
      }
    },
    "pdf-toolbox": {
      "flake": false,
      "locked": {
        "lastModified": 1653242554,
        "narHash": "sha256-FWfsPW5OlOJ+rMYGw6upuI0oeiUNRPbrzlomU2pAnK0=",
        "owner": "wavewave",
        "repo": "pdf-toolbox",
        "rev": "6205c87d2430857d73e68c7f615b2dcae3cecec3",
        "type": "github"
      },
      "original": {
        "owner": "wavewave",
        "ref": "for-hoodle",
        "repo": "pdf-toolbox",
        "type": "github"
      }
    },
    "poppler": {
      "flake": false,
      "locked": {
        "lastModified": 1653150554,
        "narHash": "sha256-zAurDl9tGhOL+MlDAzEi99rITxQTGnqTPXfPA+4HVl8=",
        "owner": "wavewave",
        "repo": "poppler",
        "rev": "4e7fc8364f89a4757f67fa9715471b5e97cd86f0",
        "type": "github"
      },
      "original": {
        "owner": "wavewave",
        "repo": "poppler",
        "rev": "4e7fc8364f89a4757f67fa9715471b5e97cd86f0",
        "type": "github"
      }
    },
    "root": {
      "inputs": {
        "flake-utils": "flake-utils",
        "nixpkgs": "nixpkgs",
        "pdf-toolbox": "pdf-toolbox",
        "poppler": "poppler"
      }
    }
  },
  "root": "root",
  "version": 7
}
