{
  "nodes": {
    "TypeCompose": {
      "flake": false,
      "locked": {
        "lastModified": 1650056496,
        "narHash": "sha256-ex70Y6xf6uvDei30LMqvMYei9gOO/M8cekTnXRyzqX8=",
        "owner": "conal",
        "repo": "TypeCompose",
        "rev": "daf13efa6e6b37960de98146bab4a061462fc22b",
        "type": "github"
      },
      "original": {
        "owner": "conal",
        "ref": "master",
        "repo": "TypeCompose",
        "type": "github"
      }
    },
    "flake-utils": {
      "locked": {
        "lastModified": 1652776076,
        "narHash": "sha256-gzTw/v1vj4dOVbpBSJX4J0DwUR6LIyXo7/SuuTJp1kM=",
        "owner": "numtide",
        "repo": "flake-utils",
        "rev": "04c1b180862888302ddfb2e3ad9eaa63afc60cf8",
        "type": "github"
      },
      "original": {
        "owner": "numtide",
        "repo": "flake-utils",
        "type": "github"
      }
    },
    "nixpkgs": {
      "locked": {
        "lastModified": 1673732096,
        "narHash": "sha256-BX9KjMvyN00q5OfaQK80iQsmzCthosBGgkrs3F446q8=",
        "owner": "NixOS",
        "repo": "nixpkgs",
        "rev": "76fed81234baa4c9be97af53a0a71d1bbcc5400c",
        "type": "github"
      },
      "original": {
        "owner": "NixOS",
        "ref": "master",
        "repo": "nixpkgs",
        "type": "github"
      }
    },
    "root": {
      "inputs": {
        "TypeCompose": "TypeCompose",
        "flake-utils": "flake-utils",
        "nixpkgs": "nixpkgs"
      }
    }
  },
  "root": "root",
  "version": 7
}
